{
  "lockfileVersion": 1,
  "workspaces": {
    "": {
      "name": "build-sass",
      "dependencies": {
        "bun-style-plugin": "link:bun-style-plugin",
      },
      "devDependencies": {
        "@fluentui/react": "^8.122.9",
        "@types/bun": "^1.2.2",
      },
    },
  },
  "packages": {
    "@fluentui/date-time-utilities": ["@fluentui/date-time-utilities@8.6.9", "", { "dependencies": { "@fluentui/set-version": "^8.2.23", "tslib": "^2.1.0" } }, "sha512-dgOlVm4nXBWDLqijmvn4iAtyv1hVpQZjN6p0So74BW+7ASUTkQGe3lf8PHV/OjBiXfZa4qwONvmTQBGCheNU0w=="],

    "@fluentui/dom-utilities": ["@fluentui/dom-utilities@2.3.9", "", { "dependencies": { "@fluentui/set-version": "^8.2.23", "tslib": "^2.1.0" } }, "sha512-8PPzv31VXnyMvZrzK7iSGPRx8piJjas0xV+qaNQ1tzAXHuTaLXPeADJK/gEDH1XA/e9Vaakb3lPUpRVa8tal+w=="],

    "@fluentui/font-icons-mdl2": ["@fluentui/font-icons-mdl2@8.5.57", "", { "dependencies": { "@fluentui/set-version": "^8.2.23", "@fluentui/style-utilities": "^8.11.6", "@fluentui/utilities": "^8.15.19", "tslib": "^2.1.0" } }, "sha512-HYB+deey6wt6qHtTKdrhPhTZi7ZZVI2IwlguabK+22LzixgSdeJ0sg5Hhau5IKFwrn8ExEFOwfoaZ6KCSbcMwQ=="],

    "@fluentui/foundation-legacy": ["@fluentui/foundation-legacy@8.4.23", "", { "dependencies": { "@fluentui/merge-styles": "^8.6.13", "@fluentui/set-version": "^8.2.23", "@fluentui/style-utilities": "^8.11.6", "@fluentui/utilities": "^8.15.19", "tslib": "^2.1.0" }, "peerDependencies": { "@types/react": ">=16.8.0 <19.0.0", "react": ">=16.8.0 <19.0.0" } }, "sha512-lWFouH1+vku2LgKaZUhuBNyoXJ7DByUIMXHF7Osgq/miN8ewHt5uez8LuuSHDgCytxksCY4usCMIIL2zJD0I6w=="],

    "@fluentui/keyboard-key": ["@fluentui/keyboard-key@0.4.23", "", { "dependencies": { "tslib": "^2.1.0" } }, "sha512-9GXeyUqNJUdg5JiQUZeGPiKnRzMRi9YEUn1l9zq6X/imYdMhxHrxpVZS12129cBfgvPyxt9ceJpywSfmLWqlKA=="],

    "@fluentui/merge-styles": ["@fluentui/merge-styles@8.6.13", "", { "dependencies": { "@fluentui/set-version": "^8.2.23", "tslib": "^2.1.0" } }, "sha512-IWgvi2CC+mcQ7/YlCvRjsmHL2+PUz7q+Pa2Rqk3a+QHN0V1uBvgIbKk5y/Y/awwDXy1yJHiqMCcDHjBNmS1d4A=="],

    "@fluentui/react": ["@fluentui/react@8.122.9", "", { "dependencies": { "@fluentui/date-time-utilities": "^8.6.9", "@fluentui/font-icons-mdl2": "^8.5.57", "@fluentui/foundation-legacy": "^8.4.23", "@fluentui/merge-styles": "^8.6.13", "@fluentui/react-focus": "^8.9.20", "@fluentui/react-hooks": "^8.8.16", "@fluentui/react-portal-compat-context": "^9.0.13", "@fluentui/react-window-provider": "^2.2.28", "@fluentui/set-version": "^8.2.23", "@fluentui/style-utilities": "^8.11.6", "@fluentui/theme": "^2.6.64", "@fluentui/utilities": "^8.15.19", "@microsoft/load-themed-styles": "^1.10.26", "tslib": "^2.1.0" }, "peerDependencies": { "@types/react": ">=16.8.0 <19.0.0", "@types/react-dom": ">=16.8.0 <19.0.0", "react": ">=16.8.0 <19.0.0", "react-dom": ">=16.8.0 <19.0.0" } }, "sha512-sjVAx/YeU/xtr9fqEEGeOeA2MVoFU3PU3lxYGtqUtoW7P/dsRjf/LCV7w9Y3ywKcDrStO4lJMsYamJSKO+T90w=="],

    "@fluentui/react-focus": ["@fluentui/react-focus@8.9.20", "", { "dependencies": { "@fluentui/keyboard-key": "^0.4.23", "@fluentui/merge-styles": "^8.6.13", "@fluentui/set-version": "^8.2.23", "@fluentui/style-utilities": "^8.11.6", "@fluentui/utilities": "^8.15.19", "tslib": "^2.1.0" }, "peerDependencies": { "@types/react": ">=16.8.0 <19.0.0", "react": ">=16.8.0 <19.0.0" } }, "sha512-eOYKohP5v82jUAeEj7Mscqy5Tt4DhgTsVwf+cejj3AGhvLfFfmUbJFmVClooqXFdMgm1vvPGdub8SHA02REVkg=="],

    "@fluentui/react-hooks": ["@fluentui/react-hooks@8.8.16", "", { "dependencies": { "@fluentui/react-window-provider": "^2.2.28", "@fluentui/set-version": "^8.2.23", "@fluentui/utilities": "^8.15.19", "tslib": "^2.1.0" }, "peerDependencies": { "@types/react": ">=16.8.0 <19.0.0", "react": ">=16.8.0 <19.0.0" } }, "sha512-PQ1BeOp+99mdO0g7j6QLtChfXG1LxXeHG0q5CtUeD1OUGR+vUDK84h60sw7e7qU9sSmvPmHO7jn69Lg3CS+DXw=="],

    "@fluentui/react-portal-compat-context": ["@fluentui/react-portal-compat-context@9.0.13", "", { "dependencies": { "@swc/helpers": "^0.5.1" }, "peerDependencies": { "@types/react": ">=16.14.0 <19.0.0", "react": ">=16.14.0 <19.0.0" } }, "sha512-N+c6Qs775jnr/4WIzsQuNaRu4v16fa+gGsOCzzU1bqxX0IR9BSjjO2oLGC6luaAOqlQP+JIwn/aumOIJICKXkA=="],

    "@fluentui/react-window-provider": ["@fluentui/react-window-provider@2.2.28", "", { "dependencies": { "@fluentui/set-version": "^8.2.23", "tslib": "^2.1.0" }, "peerDependencies": { "@types/react": ">=16.8.0 <19.0.0", "react": ">=16.8.0 <19.0.0" } }, "sha512-YdZ74HTaoDwlvLDzoBST80/17ExIl93tLJpTxnqK5jlJOAUVQ+mxLPF2HQEJq+SZr5IMXHsQ56w/KaZVRn72YA=="],

    "@fluentui/set-version": ["@fluentui/set-version@8.2.23", "", { "dependencies": { "tslib": "^2.1.0" } }, "sha512-VPXaBsiaa3Xn/AY40nLU9bvDQ62lpMVnFzFTlQ8CbpdwrjxNlRxDUY5vRToNzp1+Zu5gD/+CgsXqIZGcry5L5w=="],

    "@fluentui/style-utilities": ["@fluentui/style-utilities@8.11.6", "", { "dependencies": { "@fluentui/merge-styles": "^8.6.13", "@fluentui/set-version": "^8.2.23", "@fluentui/theme": "^2.6.64", "@fluentui/utilities": "^8.15.19", "@microsoft/load-themed-styles": "^1.10.26", "tslib": "^2.1.0" } }, "sha512-bVFu/ONP2+GZ/JzR6NhN7+1fuMHvi+LjOfgo21HQoDakY/KwFaitLiQBQFlRpbRUVcZXQDqe4Ur6EDFAlb2I7Q=="],

    "@fluentui/theme": ["@fluentui/theme@2.6.64", "", { "dependencies": { "@fluentui/merge-styles": "^8.6.13", "@fluentui/set-version": "^8.2.23", "@fluentui/utilities": "^8.15.19", "tslib": "^2.1.0" }, "peerDependencies": { "@types/react": ">=16.8.0 <19.0.0", "react": ">=16.8.0 <19.0.0" } }, "sha512-cjzwPgq3Zsw4F6Xy7A7yN8WCeEXKTwk9lfJzEr5b00euJRuPMxkxesBbAWW43+/1l1eWVYmSm4GcEMDVD4BfXQ=="],

    "@fluentui/utilities": ["@fluentui/utilities@8.15.19", "", { "dependencies": { "@fluentui/dom-utilities": "^2.3.9", "@fluentui/merge-styles": "^8.6.13", "@fluentui/react-window-provider": "^2.2.28", "@fluentui/set-version": "^8.2.23", "tslib": "^2.1.0" }, "peerDependencies": { "@types/react": ">=16.8.0 <19.0.0", "react": ">=16.8.0 <19.0.0" } }, "sha512-20WoYz0wW7pkmur+7qxTwRfvkdAnHfylLdCYSm91WLupb0cwQ1wWZWIuyo+e0cjcvem1T9TC1+NjWs0kavTWBg=="],

    "@microsoft/load-themed-styles": ["@microsoft/load-themed-styles@1.10.295", "", {}, "sha512-W+IzEBw8a6LOOfRJM02dTT7BDZijxm+Z7lhtOAz1+y9vQm1Kdz9jlAO+qCEKsfxtUOmKilW8DIRqFw2aUgKeGg=="],

    "@swc/helpers": ["@swc/helpers@0.5.15", "", { "dependencies": { "tslib": "^2.8.0" } }, "sha512-JQ5TuMi45Owi4/BIMAJBoSQoOJu12oOk/gADqlcUL9JEdHB8vyjUSsxqeNXnmXHjYKMi2WcYtezGEEhqUI/E2g=="],

    "@types/bun": ["@types/bun@1.2.2", "", { "dependencies": { "bun-types": "1.2.2" } }, "sha512-tr74gdku+AEDN5ergNiBnplr7hpDp3V1h7fqI2GcR/rsUaM39jpSeKH0TFibRvU0KwniRx5POgaYnaXbk0hU+w=="],

    "@types/node": ["@types/node@20.12.14", "", { "dependencies": { "undici-types": "~5.26.4" } }, "sha512-scnD59RpYD91xngrQQLGkE+6UrHUPzeKZWhhjBSa3HSkwjbQc38+q3RoIVEwxQGRw3M+j5hpNAM+lgV3cVormg=="],

    "@types/prop-types": ["@types/prop-types@15.7.14", "", {}, "sha512-gNMvNH49DJ7OJYv+KAKn0Xp45p8PLl6zo2YnvDIbTd4J6MER2BmWN49TG7n9LvkyihINxeKW8+3bfS2yDC9dzQ=="],

    "@types/react": ["@types/react@18.3.18", "", { "dependencies": { "@types/prop-types": "*", "csstype": "^3.0.2" } }, "sha512-t4yC+vtgnkYjNSKlFx1jkAhH8LgTo2N/7Qvi83kdEaUtMDiwpbLAktKDaAMlRcJ5eSxZkH74eEGt1ky31d7kfQ=="],

    "@types/react-dom": ["@types/react-dom@18.3.5", "", { "peerDependencies": { "@types/react": "^18.0.0" } }, "sha512-P4t6saawp+b/dFrUr2cvkVsfvPguwsxtH6dNIYRllMsefqFzkZk5UIjzyDOv5g1dXIPdG4Sp1yCR4Z6RCUsG/Q=="],

    "@types/ws": ["@types/ws@8.5.13", "", { "dependencies": { "@types/node": "*" } }, "sha512-osM/gWBTPKgHV8XkTunnegTRIsvF6owmf5w+JtAfOw472dptdm0dlGv4xCt6GwQRcC2XVOvvRE/0bAoQcL2QkA=="],

    "bun-style-plugin": ["bun-style-plugin@link:bun-style-plugin", {}],

    "bun-types": ["bun-types@1.2.2", "", { "dependencies": { "@types/node": "*", "@types/ws": "~8.5.10" } }, "sha512-RCbMH5elr9gjgDGDhkTTugA21XtJAy/9jkKe/G3WR2q17VPGhcquf9Sir6uay9iW+7P/BV0CAHA1XlHXMAVKHg=="],

    "csstype": ["csstype@3.1.3", "", {}, "sha512-M1uQkMl8rQK/szD0LNhtqxIPLpimGm8sOBwU7lLnCpSbTyY3yeU1Vc7l4KT5zT4s/yOxHH5O7tIuuLOCnLADRw=="],

    "react": ["react@19.0.0", "", {}, "sha512-V8AVnmPIICiWpGfm6GLzCR/W5FXLchHop40W4nXBmdlEceh16rCN8O8LNWm5bh5XUX91fh7KpA+W0TgMKmgTpQ=="],

    "react-dom": ["react-dom@19.0.0", "", { "dependencies": { "scheduler": "^0.25.0" }, "peerDependencies": { "react": "^19.0.0" } }, "sha512-4GV5sHFG0e/0AD4X+ySy6UJd3jVl1iNsNHdpad0qhABJ11twS3TTBnseqsKurKcsNqCEFeGL3uLpVChpIO3QfQ=="],

    "scheduler": ["scheduler@0.25.0", "", {}, "sha512-xFVuu11jh+xcO7JOAGJNOXld8/TcEHK/4CituBUeUb5hqxJLj9YuemAEuvm9gQ/+pgXYfbQuqAkiYu+u7YEsNA=="],

    "tslib": ["tslib@2.8.1", "", {}, "sha512-oJFu94HQb+KVduSUQL7wnpmqnfmLsOA/nAh6b6EH0wCEoK0/mPeXU6c3wKDV83MkOuHPRHtSXKKU99IBazS/2w=="],

    "undici-types": ["undici-types@5.26.5", "", {}, "sha512-JlCMO+ehdEIKqlFxk6IfVoAUVmgz7cU7zD/h9XZ0qzeosSHmUJVOzSQvvYSYWXkFXC+IfLKSIffhv0sVZup6pA=="],
  }
}
